// !$*UTF8*$!
{
	archiveVersion = 1;
	classes = {
	};
	objectVersion = 55;
	objects = {

/* Begin PBXBuildFile section */
		0CD22DC8400791757575D45E /* Pods_Instagram.framework in Frameworks */ = {isa = PBXBuildFile; fileRef = 79A5487F4AC65D0FF46A3E6B /* Pods_Instagram.framework */; };
		6103402E28A8E5AF00837442 /* ExploreViewController.swift in Sources */ = {isa = PBXBuildFile; fileRef = 6103402D28A8E5AF00837442 /* ExploreViewController.swift */; };
		6103403028A8E5C000837442 /* CameraViewController.swift in Sources */ = {isa = PBXBuildFile; fileRef = 6103402F28A8E5C000837442 /* CameraViewController.swift */; };
		6103403228A8E5D000837442 /* NotificationsViewController.swift in Sources */ = {isa = PBXBuildFile; fileRef = 6103403128A8E5D000837442 /* NotificationsViewController.swift */; };
		6103403428A8E5DB00837442 /* ProfileViewController.swift in Sources */ = {isa = PBXBuildFile; fileRef = 6103403328A8E5DB00837442 /* ProfileViewController.swift */; };
		6103403928A8E68B00837442 /* LoginViewController.swift in Sources */ = {isa = PBXBuildFile; fileRef = 6103403828A8E68B00837442 /* LoginViewController.swift */; };
		6103403B28A8E69600837442 /* RegistrationViewController.swift in Sources */ = {isa = PBXBuildFile; fileRef = 6103403A28A8E69600837442 /* RegistrationViewController.swift */; };
		6103403D28A8E74400837442 /* PostViewController.swift in Sources */ = {isa = PBXBuildFile; fileRef = 6103403C28A8E74400837442 /* PostViewController.swift */; };
		6103403F28A8E76200837442 /* SearchViewController.swift in Sources */ = {isa = PBXBuildFile; fileRef = 6103403E28A8E76200837442 /* SearchViewController.swift */; };
		6103404128A8E77B00837442 /* EditProfileViewController.swift in Sources */ = {isa = PBXBuildFile; fileRef = 6103404028A8E77B00837442 /* EditProfileViewController.swift */; };
		6103404328A8E78B00837442 /* SettingsViewController.swift in Sources */ = {isa = PBXBuildFile; fileRef = 6103404228A8E78B00837442 /* SettingsViewController.swift */; };
		6103404528A8E79B00837442 /* ListViewController.swift in Sources */ = {isa = PBXBuildFile; fileRef = 6103404428A8E79B00837442 /* ListViewController.swift */; };
		6103404728A8E7B200837442 /* SearchResultViewController.swift in Sources */ = {isa = PBXBuildFile; fileRef = 6103404628A8E7B200837442 /* SearchResultViewController.swift */; };
		6103404928A8E81100837442 /* PostEditorViewController.swift in Sources */ = {isa = PBXBuildFile; fileRef = 6103404828A8E81100837442 /* PostEditorViewController.swift */; };
		6103404B28A8E81F00837442 /* PublishPostViewController.swift in Sources */ = {isa = PBXBuildFile; fileRef = 6103404A28A8E81F00837442 /* PublishPostViewController.swift */; };
		6103404D28A8F13400837442 /* GoogleService-Info.plist in Resources */ = {isa = PBXBuildFile; fileRef = 6103404C28A8F13400837442 /* GoogleService-Info.plist */; };
		6103405028A8F5DC00837442 /* DatabaseManager.swift in Sources */ = {isa = PBXBuildFile; fileRef = 6103404F28A8F5DC00837442 /* DatabaseManager.swift */; };
		6103405228A8F6A300837442 /* AuthManager.swift in Sources */ = {isa = PBXBuildFile; fileRef = 6103405128A8F6A300837442 /* AuthManager.swift */; };
		6103405428A8F70A00837442 /* StorageManager.swift in Sources */ = {isa = PBXBuildFile; fileRef = 6103405328A8F70A00837442 /* StorageManager.swift */; };
		610C88BD28A8DC2A00477AF2 /* AppDelegate.swift in Sources */ = {isa = PBXBuildFile; fileRef = 610C88BC28A8DC2A00477AF2 /* AppDelegate.swift */; };
		610C88BF28A8DC2A00477AF2 /* SceneDelegate.swift in Sources */ = {isa = PBXBuildFile; fileRef = 610C88BE28A8DC2A00477AF2 /* SceneDelegate.swift */; };
		610C88C128A8DC2A00477AF2 /* HomeViewController.swift in Sources */ = {isa = PBXBuildFile; fileRef = 610C88C028A8DC2A00477AF2 /* HomeViewController.swift */; };
		610C88C428A8DC2A00477AF2 /* Main.storyboard in Resources */ = {isa = PBXBuildFile; fileRef = 610C88C228A8DC2A00477AF2 /* Main.storyboard */; };
		610C88C628A8DC2B00477AF2 /* Assets.xcassets in Resources */ = {isa = PBXBuildFile; fileRef = 610C88C528A8DC2B00477AF2 /* Assets.xcassets */; };
		610C88C928A8DC2B00477AF2 /* LaunchScreen.storyboard in Resources */ = {isa = PBXBuildFile; fileRef = 610C88C728A8DC2B00477AF2 /* LaunchScreen.storyboard */; };
/* End PBXBuildFile section */

/* Begin PBXFileReference section */
		6103402D28A8E5AF00837442 /* ExploreViewController.swift */ = {isa = PBXFileReference; lastKnownFileType = sourcecode.swift; path = ExploreViewController.swift; sourceTree = "<group>"; };
		6103402F28A8E5C000837442 /* CameraViewController.swift */ = {isa = PBXFileReference; lastKnownFileType = sourcecode.swift; path = CameraViewController.swift; sourceTree = "<group>"; };
		6103403128A8E5D000837442 /* NotificationsViewController.swift */ = {isa = PBXFileReference; lastKnownFileType = sourcecode.swift; path = NotificationsViewController.swift; sourceTree = "<group>"; };
		6103403328A8E5DB00837442 /* ProfileViewController.swift */ = {isa = PBXFileReference; lastKnownFileType = sourcecode.swift; path = ProfileViewController.swift; sourceTree = "<group>"; };
		6103403828A8E68B00837442 /* LoginViewController.swift */ = {isa = PBXFileReference; lastKnownFileType = sourcecode.swift; path = LoginViewController.swift; sourceTree = "<group>"; };
		6103403A28A8E69600837442 /* RegistrationViewController.swift */ = {isa = PBXFileReference; lastKnownFileType = sourcecode.swift; path = RegistrationViewController.swift; sourceTree = "<group>"; };
		6103403C28A8E74400837442 /* PostViewController.swift */ = {isa = PBXFileReference; lastKnownFileType = sourcecode.swift; path = PostViewController.swift; sourceTree = "<group>"; };
		6103403E28A8E76200837442 /* SearchViewController.swift */ = {isa = PBXFileReference; lastKnownFileType = sourcecode.swift; path = SearchViewController.swift; sourceTree = "<group>"; };
		6103404028A8E77B00837442 /* EditProfileViewController.swift */ = {isa = PBXFileReference; lastKnownFileType = sourcecode.swift; path = EditProfileViewController.swift; sourceTree = "<group>"; };
		6103404228A8E78B00837442 /* SettingsViewController.swift */ = {isa = PBXFileReference; lastKnownFileType = sourcecode.swift; path = SettingsViewController.swift; sourceTree = "<group>"; };
		6103404428A8E79B00837442 /* ListViewController.swift */ = {isa = PBXFileReference; lastKnownFileType = sourcecode.swift; path = ListViewController.swift; sourceTree = "<group>"; };
		6103404628A8E7B200837442 /* SearchResultViewController.swift */ = {isa = PBXFileReference; lastKnownFileType = sourcecode.swift; path = SearchResultViewController.swift; sourceTree = "<group>"; };
		6103404828A8E81100837442 /* PostEditorViewController.swift */ = {isa = PBXFileReference; lastKnownFileType = sourcecode.swift; path = PostEditorViewController.swift; sourceTree = "<group>"; };
		6103404A28A8E81F00837442 /* PublishPostViewController.swift */ = {isa = PBXFileReference; lastKnownFileType = sourcecode.swift; path = PublishPostViewController.swift; sourceTree = "<group>"; };
		6103404C28A8F13400837442 /* GoogleService-Info.plist */ = {isa = PBXFileReference; fileEncoding = 4; lastKnownFileType = text.plist.xml; path = "GoogleService-Info.plist"; sourceTree = "<group>"; };
		6103404F28A8F5DC00837442 /* DatabaseManager.swift */ = {isa = PBXFileReference; lastKnownFileType = sourcecode.swift; path = DatabaseManager.swift; sourceTree = "<group>"; };
		6103405128A8F6A300837442 /* AuthManager.swift */ = {isa = PBXFileReference; lastKnownFileType = sourcecode.swift; path = AuthManager.swift; sourceTree = "<group>"; };
		6103405328A8F70A00837442 /* StorageManager.swift */ = {isa = PBXFileReference; lastKnownFileType = sourcecode.swift; path = StorageManager.swift; sourceTree = "<group>"; };
		610C88B928A8DC2A00477AF2 /* Instagram.app */ = {isa = PBXFileReference; explicitFileType = wrapper.application; includeInIndex = 0; path = Instagram.app; sourceTree = BUILT_PRODUCTS_DIR; };
		610C88BC28A8DC2A00477AF2 /* AppDelegate.swift */ = {isa = PBXFileReference; lastKnownFileType = sourcecode.swift; path = AppDelegate.swift; sourceTree = "<group>"; };
		610C88BE28A8DC2A00477AF2 /* SceneDelegate.swift */ = {isa = PBXFileReference; lastKnownFileType = sourcecode.swift; path = SceneDelegate.swift; sourceTree = "<group>"; };
		610C88C028A8DC2A00477AF2 /* HomeViewController.swift */ = {isa = PBXFileReference; lastKnownFileType = sourcecode.swift; path = HomeViewController.swift; sourceTree = "<group>"; };
		610C88C328A8DC2A00477AF2 /* Base */ = {isa = PBXFileReference; lastKnownFileType = file.storyboard; name = Base; path = Base.lproj/Main.storyboard; sourceTree = "<group>"; };
		610C88C528A8DC2B00477AF2 /* Assets.xcassets */ = {isa = PBXFileReference; lastKnownFileType = folder.assetcatalog; path = Assets.xcassets; sourceTree = "<group>"; };
		610C88C828A8DC2B00477AF2 /* Base */ = {isa = PBXFileReference; lastKnownFileType = file.storyboard; name = Base; path = Base.lproj/LaunchScreen.storyboard; sourceTree = "<group>"; };
		610C88CA28A8DC2B00477AF2 /* Info.plist */ = {isa = PBXFileReference; lastKnownFileType = text.plist.xml; path = Info.plist; sourceTree = "<group>"; };
		79A5487F4AC65D0FF46A3E6B /* Pods_Instagram.framework */ = {isa = PBXFileReference; explicitFileType = wrapper.framework; includeInIndex = 0; path = Pods_Instagram.framework; sourceTree = BUILT_PRODUCTS_DIR; };
		D4A47D132862B184CF7EEDC8 /* Pods-Instagram.release.xcconfig */ = {isa = PBXFileReference; includeInIndex = 1; lastKnownFileType = text.xcconfig; name = "Pods-Instagram.release.xcconfig"; path = "Target Support Files/Pods-Instagram/Pods-Instagram.release.xcconfig"; sourceTree = "<group>"; };
		E4CF31FE4D3EEA899A3D28D8 /* Pods-Instagram.debug.xcconfig */ = {isa = PBXFileReference; includeInIndex = 1; lastKnownFileType = text.xcconfig; name = "Pods-Instagram.debug.xcconfig"; path = "Target Support Files/Pods-Instagram/Pods-Instagram.debug.xcconfig"; sourceTree = "<group>"; };
/* End PBXFileReference section */

/* Begin PBXFrameworksBuildPhase section */
		610C88B628A8DC2A00477AF2 /* Frameworks */ = {
			isa = PBXFrameworksBuildPhase;
			buildActionMask = 2147483647;
			files = (
				0CD22DC8400791757575D45E /* Pods_Instagram.framework in Frameworks */,
			);
			runOnlyForDeploymentPostprocessing = 0;
		};
/* End PBXFrameworksBuildPhase section */

/* Begin PBXGroup section */
		016D23B4A8A124BA3B71E607 /* Pods */ = {
			isa = PBXGroup;
			children = (
				E4CF31FE4D3EEA899A3D28D8 /* Pods-Instagram.debug.xcconfig */,
				D4A47D132862B184CF7EEDC8 /* Pods-Instagram.release.xcconfig */,
			);
			path = Pods;
			sourceTree = "<group>";
		};
		36EED59A9318D98D02D176AD /* Frameworks */ = {
			isa = PBXGroup;
			children = (
				79A5487F4AC65D0FF46A3E6B /* Pods_Instagram.framework */,
			);
			name = Frameworks;
			sourceTree = "<group>";
		};
		6103403528A8E62A00837442 /* Core Tabs */ = {
			isa = PBXGroup;
			children = (
				610C88C028A8DC2A00477AF2 /* HomeViewController.swift */,
				6103402D28A8E5AF00837442 /* ExploreViewController.swift */,
				6103402F28A8E5C000837442 /* CameraViewController.swift */,
				6103403128A8E5D000837442 /* NotificationsViewController.swift */,
				6103403328A8E5DB00837442 /* ProfileViewController.swift */,
			);
			path = "Core Tabs";
			sourceTree = "<group>";
		};
		6103403628A8E66C00837442 /* Other */ = {
			isa = PBXGroup;
			children = (
				6103403728A8E67700837442 /* Onbording */,
				6103404E28A8F4C200837442 /* General */,
			);
			path = Other;
			sourceTree = "<group>";
		};
		6103403728A8E67700837442 /* Onbording */ = {
			isa = PBXGroup;
			children = (
				6103403828A8E68B00837442 /* LoginViewController.swift */,
				6103403A28A8E69600837442 /* RegistrationViewController.swift */,
			);
			path = Onbording;
			sourceTree = "<group>";
		};
		6103404E28A8F4C200837442 /* General */ = {
			isa = PBXGroup;
			children = (
				6103403C28A8E74400837442 /* PostViewController.swift */,
				6103404028A8E77B00837442 /* EditProfileViewController.swift */,
				6103404228A8E78B00837442 /* SettingsViewController.swift */,
				6103404428A8E79B00837442 /* ListViewController.swift */,
				6103403E28A8E76200837442 /* SearchViewController.swift */,
				6103404628A8E7B200837442 /* SearchResultViewController.swift */,
				6103404828A8E81100837442 /* PostEditorViewController.swift */,
				6103404A28A8E81F00837442 /* PublishPostViewController.swift */,
			);
			path = General;
			sourceTree = "<group>";
		};
		610C88B028A8DC2A00477AF2 = {
			isa = PBXGroup;
			children = (
				610C88BB28A8DC2A00477AF2 /* Instagram */,
				610C88BA28A8DC2A00477AF2 /* Products */,
				016D23B4A8A124BA3B71E607 /* Pods */,
				36EED59A9318D98D02D176AD /* Frameworks */,
			);
			sourceTree = "<group>";
		};
		610C88BA28A8DC2A00477AF2 /* Products */ = {
			isa = PBXGroup;
			children = (
				610C88B928A8DC2A00477AF2 /* Instagram.app */,
			);
			name = Products;
			sourceTree = "<group>";
		};
		610C88BB28A8DC2A00477AF2 /* Instagram */ = {
			isa = PBXGroup;
			children = (
				610C88D328A8DCFB00477AF2 /* Resources */,
				610C88D228A8DCF100477AF2 /* Models */,
				610C88D128A8DCE600477AF2 /* Views */,
				610C88D028A8DCD500477AF2 /* Controllers */,
				610C88CA28A8DC2B00477AF2 /* Info.plist */,
			);
			path = Instagram;
			sourceTree = "<group>";
		};
		610C88D028A8DCD500477AF2 /* Controllers */ = {
			isa = PBXGroup;
			children = (
				6103403628A8E66C00837442 /* Other */,
				6103403528A8E62A00837442 /* Core Tabs */,
			);
			path = Controllers;
			sourceTree = "<group>";
		};
		610C88D128A8DCE600477AF2 /* Views */ = {
			isa = PBXGroup;
			children = (
				610C88C528A8DC2B00477AF2 /* Assets.xcassets */,
				610C88D428A8DD3100477AF2 /* Storyboards */,
			);
			path = Views;
			sourceTree = "<group>";
		};
		610C88D228A8DCF100477AF2 /* Models */ = {
			isa = PBXGroup;
			children = (
			);
			path = Models;
			sourceTree = "<group>";
		};
		610C88D328A8DCFB00477AF2 /* Resources */ = {
			isa = PBXGroup;
			children = (
				6103404C28A8F13400837442 /* GoogleService-Info.plist */,
				610C88BC28A8DC2A00477AF2 /* AppDelegate.swift */,
				610C88BE28A8DC2A00477AF2 /* SceneDelegate.swift */,
				6103404F28A8F5DC00837442 /* DatabaseManager.swift */,
				6103405128A8F6A300837442 /* AuthManager.swift */,
				6103405328A8F70A00837442 /* StorageManager.swift */,
			);
			path = Resources;
			sourceTree = "<group>";
		};
		610C88D428A8DD3100477AF2 /* Storyboards */ = {
			isa = PBXGroup;
			children = (
				610C88C228A8DC2A00477AF2 /* Main.storyboard */,
				610C88C728A8DC2B00477AF2 /* LaunchScreen.storyboard */,
			);
			path = Storyboards;
			sourceTree = "<group>";
		};
/* End PBXGroup section */

/* Begin PBXNativeTarget section */
		610C88B828A8DC2A00477AF2 /* Instagram */ = {
			isa = PBXNativeTarget;
			buildConfigurationList = 610C88CD28A8DC2B00477AF2 /* Build configuration list for PBXNativeTarget "Instagram" */;
			buildPhases = (
				A919AB1D090431DCCE8239ED /* [CP] Check Pods Manifest.lock */,
				610C88B528A8DC2A00477AF2 /* Sources */,
				610C88B628A8DC2A00477AF2 /* Frameworks */,
				610C88B728A8DC2A00477AF2 /* Resources */,
				7693919AEC4C6B8AADD4E8A4 /* [CP] Embed Pods Frameworks */,
			);
			buildRules = (
			);
			dependencies = (
			);
			name = Instagram;
			productName = Instagram;
			productReference = 610C88B928A8DC2A00477AF2 /* Instagram.app */;
			productType = "com.apple.product-type.application";
		};
/* End PBXNativeTarget section */

/* Begin PBXProject section */
		610C88B128A8DC2A00477AF2 /* Project object */ = {
			isa = PBXProject;
			attributes = {
				BuildIndependentTargetsInParallel = 1;
				LastSwiftUpdateCheck = 1330;
				LastUpgradeCheck = 1330;
				TargetAttributes = {
					610C88B828A8DC2A00477AF2 = {
						CreatedOnToolsVersion = 13.3.1;
					};
				};
			};
			buildConfigurationList = 610C88B428A8DC2A00477AF2 /* Build configuration list for PBXProject "Instagram" */;
			compatibilityVersion = "Xcode 13.0";
			developmentRegion = en;
			hasScannedForEncodings = 0;
			knownRegions = (
				en,
				Base,
			);
			mainGroup = 610C88B028A8DC2A00477AF2;
			productRefGroup = 610C88BA28A8DC2A00477AF2 /* Products */;
			projectDirPath = "";
			projectRoot = "";
			targets = (
				610C88B828A8DC2A00477AF2 /* Instagram */,
			);
		};
/* End PBXProject section */

/* Begin PBXResourcesBuildPhase section */
		610C88B728A8DC2A00477AF2 /* Resources */ = {
			isa = PBXResourcesBuildPhase;
			buildActionMask = 2147483647;
			files = (
				610C88C928A8DC2B00477AF2 /* LaunchScreen.storyboard in Resources */,
				610C88C628A8DC2B00477AF2 /* Assets.xcassets in Resources */,
				610C88C428A8DC2A00477AF2 /* Main.storyboard in Resources */,
				6103404D28A8F13400837442 /* GoogleService-Info.plist in Resources */,
			);
			runOnlyForDeploymentPostprocessing = 0;
		};
/* End PBXResourcesBuildPhase section */

/* Begin PBXShellScriptBuildPhase section */
		7693919AEC4C6B8AADD4E8A4 /* [CP] Embed Pods Frameworks */ = {
			isa = PBXShellScriptBuildPhase;
			buildActionMask = 2147483647;
			files = (
			);
			inputFileListPaths = (
				"${PODS_ROOT}/Target Support Files/Pods-Instagram/Pods-Instagram-frameworks-${CONFIGURATION}-input-files.xcfilelist",
			);
			name = "[CP] Embed Pods Frameworks";
			outputFileListPaths = (
				"${PODS_ROOT}/Target Support Files/Pods-Instagram/Pods-Instagram-frameworks-${CONFIGURATION}-output-files.xcfilelist",
			);
			runOnlyForDeploymentPostprocessing = 0;
			shellPath = /bin/sh;
			shellScript = "\"${PODS_ROOT}/Target Support Files/Pods-Instagram/Pods-Instagram-frameworks.sh\"\n";
			showEnvVarsInLog = 0;
		};
		A919AB1D090431DCCE8239ED /* [CP] Check Pods Manifest.lock */ = {
			isa = PBXShellScriptBuildPhase;
			buildActionMask = 2147483647;
			files = (
			);
			inputFileListPaths = (
			);
			inputPaths = (
				"${PODS_PODFILE_DIR_PATH}/Podfile.lock",
				"${PODS_ROOT}/Manifest.lock",
			);
			name = "[CP] Check Pods Manifest.lock";
			outputFileListPaths = (
			);
			outputPaths = (
				"$(DERIVED_FILE_DIR)/Pods-Instagram-checkManifestLockResult.txt",
			);
			runOnlyForDeploymentPostprocessing = 0;
			shellPath = /bin/sh;
			shellScript = "diff \"${PODS_PODFILE_DIR_PATH}/Podfile.lock\" \"${PODS_ROOT}/Manifest.lock\" > /dev/null\nif [ $? != 0 ] ; then\n    # print error to STDERR\n    echo \"error: The sandbox is not in sync with the Podfile.lock. Run 'pod install' or update your CocoaPods installation.\" >&2\n    exit 1\nfi\n# This output is used by Xcode 'outputs' to avoid re-running this script phase.\necho \"SUCCESS\" > \"${SCRIPT_OUTPUT_FILE_0}\"\n";
			showEnvVarsInLog = 0;
		};
/* End PBXShellScriptBuildPhase section */

/* Begin PBXSourcesBuildPhase section */
		610C88B528A8DC2A00477AF2 /* Sources */ = {
			isa = PBXSourcesBuildPhase;
			buildActionMask = 2147483647;
			files = (
				6103402E28A8E5AF00837442 /* ExploreViewController.swift in Sources */,
				6103403F28A8E76200837442 /* SearchViewController.swift in Sources */,
				6103404B28A8E81F00837442 /* PublishPostViewController.swift in Sources */,
				6103403028A8E5C000837442 /* CameraViewController.swift in Sources */,
				610C88C128A8DC2A00477AF2 /* HomeViewController.swift in Sources */,
				6103403B28A8E69600837442 /* RegistrationViewController.swift in Sources */,
				6103404928A8E81100837442 /* PostEditorViewController.swift in Sources */,
				6103405428A8F70A00837442 /* StorageManager.swift in Sources */,
				6103403D28A8E74400837442 /* PostViewController.swift in Sources */,
				6103405028A8F5DC00837442 /* DatabaseManager.swift in Sources */,
				6103404528A8E79B00837442 /* ListViewController.swift in Sources */,
				6103404728A8E7B200837442 /* SearchResultViewController.swift in Sources */,
				6103403228A8E5D000837442 /* NotificationsViewController.swift in Sources */,
				6103403928A8E68B00837442 /* LoginViewController.swift in Sources */,
				6103404128A8E77B00837442 /* EditProfileViewController.swift in Sources */,
				6103405228A8F6A300837442 /* AuthManager.swift in Sources */,
				6103403428A8E5DB00837442 /* ProfileViewController.swift in Sources */,
				6103404328A8E78B00837442 /* SettingsViewController.swift in Sources */,
				610C88BD28A8DC2A00477AF2 /* AppDelegate.swift in Sources */,
				610C88BF28A8DC2A00477AF2 /* SceneDelegate.swift in Sources */,
			);
			runOnlyForDeploymentPostprocessing = 0;
		};
/* End PBXSourcesBuildPhase section */

/* Begin PBXVariantGroup section */
		610C88C228A8DC2A00477AF2 /* Main.storyboard */ = {
			isa = PBXVariantGroup;
			children = (
				610C88C328A8DC2A00477AF2 /* Base */,
			);
			name = Main.storyboard;
			sourceTree = "<group>";
		};
		610C88C728A8DC2B00477AF2 /* LaunchScreen.storyboard */ = {
			isa = PBXVariantGroup;
			children = (
				610C88C828A8DC2B00477AF2 /* Base */,
			);
			name = LaunchScreen.storyboard;
			sourceTree = "<group>";
		};
/* End PBXVariantGroup section */

/* Begin XCBuildConfiguration section */
		610C88CB28A8DC2B00477AF2 /* Debug */ = {
			isa = XCBuildConfiguration;
			buildSettings = {
				ALWAYS_SEARCH_USER_PATHS = NO;
				CLANG_ANALYZER_NONNULL = YES;
				CLANG_ANALYZER_NUMBER_OBJECT_CONVERSION = YES_AGGRESSIVE;
				CLANG_CXX_LANGUAGE_STANDARD = "gnu++17";
				CLANG_ENABLE_MODULES = YES;
				CLANG_ENABLE_OBJC_ARC = YES;
				CLANG_ENABLE_OBJC_WEAK = YES;
				CLANG_WARN_BLOCK_CAPTURE_AUTORELEASING = YES;
				CLANG_WARN_BOOL_CONVERSION = YES;
				CLANG_WARN_COMMA = YES;
				CLANG_WARN_CONSTANT_CONVERSION = YES;
				CLANG_WARN_DEPRECATED_OBJC_IMPLEMENTATIONS = YES;
				CLANG_WARN_DIRECT_OBJC_ISA_USAGE = YES_ERROR;
				CLANG_WARN_DOCUMENTATION_COMMENTS = YES;
				CLANG_WARN_EMPTY_BODY = YES;
				CLANG_WARN_ENUM_CONVERSION = YES;
				CLANG_WARN_INFINITE_RECURSION = YES;
				CLANG_WARN_INT_CONVERSION = YES;
				CLANG_WARN_NON_LITERAL_NULL_CONVERSION = YES;
				CLANG_WARN_OBJC_IMPLICIT_RETAIN_SELF = YES;
				CLANG_WARN_OBJC_LITERAL_CONVERSION = YES;
				CLANG_WARN_OBJC_ROOT_CLASS = YES_ERROR;
				CLANG_WARN_QUOTED_INCLUDE_IN_FRAMEWORK_HEADER = YES;
				CLANG_WARN_RANGE_LOOP_ANALYSIS = YES;
				CLANG_WARN_STRICT_PROTOTYPES = YES;
				CLANG_WARN_SUSPICIOUS_MOVE = YES;
				CLANG_WARN_UNGUARDED_AVAILABILITY = YES_AGGRESSIVE;
				CLANG_WARN_UNREACHABLE_CODE = YES;
				CLANG_WARN__DUPLICATE_METHOD_MATCH = YES;
				COPY_PHASE_STRIP = NO;
				DEBUG_INFORMATION_FORMAT = dwarf;
				ENABLE_STRICT_OBJC_MSGSEND = YES;
				ENABLE_TESTABILITY = YES;
				GCC_C_LANGUAGE_STANDARD = gnu11;
				GCC_DYNAMIC_NO_PIC = NO;
				GCC_NO_COMMON_BLOCKS = YES;
				GCC_OPTIMIZATION_LEVEL = 0;
				GCC_PREPROCESSOR_DEFINITIONS = (
					"DEBUG=1",
					"$(inherited)",
				);
				GCC_WARN_64_TO_32_BIT_CONVERSION = YES;
				GCC_WARN_ABOUT_RETURN_TYPE = YES_ERROR;
				GCC_WARN_UNDECLARED_SELECTOR = YES;
				GCC_WARN_UNINITIALIZED_AUTOS = YES_AGGRESSIVE;
				GCC_WARN_UNUSED_FUNCTION = YES;
				GCC_WARN_UNUSED_VARIABLE = YES;
				IPHONEOS_DEPLOYMENT_TARGET = 15.4;
				MTL_ENABLE_DEBUG_INFO = INCLUDE_SOURCE;
				MTL_FAST_MATH = YES;
				ONLY_ACTIVE_ARCH = YES;
				SDKROOT = iphoneos;
				SWIFT_ACTIVE_COMPILATION_CONDITIONS = DEBUG;
				SWIFT_OPTIMIZATION_LEVEL = "-Onone";
			};
			name = Debug;
		};
		610C88CC28A8DC2B00477AF2 /* Release */ = {
			isa = XCBuildConfiguration;
			buildSettings = {
				ALWAYS_SEARCH_USER_PATHS = NO;
				CLANG_ANALYZER_NONNULL = YES;
				CLANG_ANALYZER_NUMBER_OBJECT_CONVERSION = YES_AGGRESSIVE;
				CLANG_CXX_LANGUAGE_STANDARD = "gnu++17";
				CLANG_ENABLE_MODULES = YES;
				CLANG_ENABLE_OBJC_ARC = YES;
				CLANG_ENABLE_OBJC_WEAK = YES;
				CLANG_WARN_BLOCK_CAPTURE_AUTORELEASING = YES;
				CLANG_WARN_BOOL_CONVERSION = YES;
				CLANG_WARN_COMMA = YES;
				CLANG_WARN_CONSTANT_CONVERSION = YES;
				CLANG_WARN_DEPRECATED_OBJC_IMPLEMENTATIONS = YES;
				CLANG_WARN_DIRECT_OBJC_ISA_USAGE = YES_ERROR;
				CLANG_WARN_DOCUMENTATION_COMMENTS = YES;
				CLANG_WARN_EMPTY_BODY = YES;
				CLANG_WARN_ENUM_CONVERSION = YES;
				CLANG_WARN_INFINITE_RECURSION = YES;
				CLANG_WARN_INT_CONVERSION = YES;
				CLANG_WARN_NON_LITERAL_NULL_CONVERSION = YES;
				CLANG_WARN_OBJC_IMPLICIT_RETAIN_SELF = YES;
				CLANG_WARN_OBJC_LITERAL_CONVERSION = YES;
				CLANG_WARN_OBJC_ROOT_CLASS = YES_ERROR;
				CLANG_WARN_QUOTED_INCLUDE_IN_FRAMEWORK_HEADER = YES;
				CLANG_WARN_RANGE_LOOP_ANALYSIS = YES;
				CLANG_WARN_STRICT_PROTOTYPES = YES;
				CLANG_WARN_SUSPICIOUS_MOVE = YES;
				CLANG_WARN_UNGUARDED_AVAILABILITY = YES_AGGRESSIVE;
				CLANG_WARN_UNREACHABLE_CODE = YES;
				CLANG_WARN__DUPLICATE_METHOD_MATCH = YES;
				COPY_PHASE_STRIP = NO;
				DEBUG_INFORMATION_FORMAT = "dwarf-with-dsym";
				ENABLE_NS_ASSERTIONS = NO;
				ENABLE_STRICT_OBJC_MSGSEND = YES;
				GCC_C_LANGUAGE_STANDARD = gnu11;
				GCC_NO_COMMON_BLOCKS = YES;
				GCC_WARN_64_TO_32_BIT_CONVERSION = YES;
				GCC_WARN_ABOUT_RETURN_TYPE = YES_ERROR;
				GCC_WARN_UNDECLARED_SELECTOR = YES;
				GCC_WARN_UNINITIALIZED_AUTOS = YES_AGGRESSIVE;
				GCC_WARN_UNUSED_FUNCTION = YES;
				GCC_WARN_UNUSED_VARIABLE = YES;
				IPHONEOS_DEPLOYMENT_TARGET = 15.4;
				MTL_ENABLE_DEBUG_INFO = NO;
				MTL_FAST_MATH = YES;
				SDKROOT = iphoneos;
				SWIFT_COMPILATION_MODE = wholemodule;
				SWIFT_OPTIMIZATION_LEVEL = "-O";
				VALIDATE_PRODUCT = YES;
			};
			name = Release;
		};
		610C88CE28A8DC2B00477AF2 /* Debug */ = {
			isa = XCBuildConfiguration;
			baseConfigurationReference = E4CF31FE4D3EEA899A3D28D8 /* Pods-Instagram.debug.xcconfig */;
			buildSettings = {
				ASSETCATALOG_COMPILER_APPICON_NAME = AppIcon;
				ASSETCATALOG_COMPILER_GLOBAL_ACCENT_COLOR_NAME = AccentColor;
				CODE_SIGN_STYLE = Automatic;
				CURRENT_PROJECT_VERSION = 1;
				DEVELOPMENT_TEAM = 37K9385CG8;
				GENERATE_INFOPLIST_FILE = YES;
				INFOPLIST_FILE = Instagram/Info.plist;
				INFOPLIST_KEY_UIApplicationSupportsIndirectInputEvents = YES;
				INFOPLIST_KEY_UILaunchStoryboardName = LaunchScreen;
				INFOPLIST_KEY_UIMainStoryboardFile = Main;
				INFOPLIST_KEY_UISupportedInterfaceOrientations_iPad = "UIInterfaceOrientationPortrait UIInterfaceOrientationPortraitUpsideDown UIInterfaceOrientationLandscapeLeft UIInterfaceOrientationLandscapeRight";
				INFOPLIST_KEY_UISupportedInterfaceOrientations_iPhone = "UIInterfaceOrientationPortrait UIInterfaceOrientationLandscapeLeft UIInterfaceOrientationLandscapeRight";
				LD_RUNPATH_SEARCH_PATHS = (
					"$(inherited)",
					"@executable_path/Frameworks",
				);
				MARKETING_VERSION = 1.0;
				PRODUCT_BUNDLE_IDENTIFIER = LessyLi.Instagram;
				PRODUCT_NAME = "$(TARGET_NAME)";
				SWIFT_EMIT_LOC_STRINGS = YES;
				SWIFT_VERSION = 5.0;
				TARGETED_DEVICE_FAMILY = "1,2";
			};
			name = Debug;
		};
		610C88CF28A8DC2B00477AF2 /* Release */ = {
			isa = XCBuildConfiguration;
			baseConfigurationReference = D4A47D132862B184CF7EEDC8 /* Pods-Instagram.release.xcconfig */;
			buildSettings = {
				ASSETCATALOG_COMPILER_APPICON_NAME = AppIcon;
				ASSETCATALOG_COMPILER_GLOBAL_ACCENT_COLOR_NAME = AccentColor;
				CODE_SIGN_STYLE = Automatic;
				CURRENT_PROJECT_VERSION = 1;
				DEVELOPMENT_TEAM = 37K9385CG8;
				GENERATE_INFOPLIST_FILE = YES;
				INFOPLIST_FILE = Instagram/Info.plist;
				INFOPLIST_KEY_UIApplicationSupportsIndirectInputEvents = YES;
				INFOPLIST_KEY_UILaunchStoryboardName = LaunchScreen;
				INFOPLIST_KEY_UIMainStoryboardFile = Main;
				INFOPLIST_KEY_UISupportedInterfaceOrientations_iPad = "UIInterfaceOrientationPortrait UIInterfaceOrientationPortraitUpsideDown UIInterfaceOrientationLandscapeLeft UIInterfaceOrientationLandscapeRight";
				INFOPLIST_KEY_UISupportedInterfaceOrientations_iPhone = "UIInterfaceOrientationPortrait UIInterfaceOrientationLandscapeLeft UIInterfaceOrientationLandscapeRight";
				LD_RUNPATH_SEARCH_PATHS = (
					"$(inherited)",
					"@executable_path/Frameworks",
				);
				MARKETING_VERSION = 1.0;
				PRODUCT_BUNDLE_IDENTIFIER = LessyLi.Instagram;
				PRODUCT_NAME = "$(TARGET_NAME)";
				SWIFT_EMIT_LOC_STRINGS = YES;
				SWIFT_VERSION = 5.0;
				TARGETED_DEVICE_FAMILY = "1,2";
			};
			name = Release;
		};
/* End XCBuildConfiguration section */

/* Begin XCConfigurationList section */
		610C88B428A8DC2A00477AF2 /* Build configuration list for PBXProject "Instagram" */ = {
			isa = XCConfigurationList;
			buildConfigurations = (
				610C88CB28A8DC2B00477AF2 /* Debug */,
				610C88CC28A8DC2B00477AF2 /* Release */,
			);
			defaultConfigurationIsVisible = 0;
			defaultConfigurationName = Release;
		};
		610C88CD28A8DC2B00477AF2 /* Build configuration list for PBXNativeTarget "Instagram" */ = {
			isa = XCConfigurationList;
			buildConfigurations = (
				610C88CE28A8DC2B00477AF2 /* Debug */,
				610C88CF28A8DC2B00477AF2 /* Release */,
			);
			defaultConfigurationIsVisible = 0;
			defaultConfigurationName = Release;
		};
/* End XCConfigurationList section */
	};
	rootObject = 610C88B128A8DC2A00477AF2 /* Project object */;
}
